{
  "name": "scripts",
  "lockfileVersion": 2,
  "requires": true,
  "packages": {
    "": {
      "dependencies": {
        "@types/collections": "^5.1.2",
        "collections": "^5.1.13"
      },
      "devDependencies": {
        "@tsconfig/node16": "^1.0.4"
      }
    },
    "node_modules/@tsconfig/node16": {
      "version": "1.0.4",
      "resolved": "https://registry.npmjs.org/@tsconfig/node16/-/node16-1.0.4.tgz",
      "integrity": "sha512-vxhUy4J8lyeyinH7Azl1pdd43GJhZH/tP2weN8TntQblOY+A0XbT8DJk1/oCPuOOyg/Ja757rG0CgHcWC8OfMA==",
      "dev": true
    },
    "node_modules/@types/collections": {
      "version": "5.1.2",
      "resolved": "https://registry.npmjs.org/@types/collections/-/collections-5.1.2.tgz",
      "integrity": "sha512-d//S1BKZl/ikhsMXk0TECEUZOu+AIbVtMnYBpUAeZUvyfktX7bhc6DokZ8YFy56XGqXvKQmGLT0aYou/Jnhalw=="
    },
    "node_modules/collections": {
      "version": "5.1.13",
      "resolved": "https://registry.npmjs.org/collections/-/collections-5.1.13.tgz",
      "integrity": "sha512-SCb6Qd+d3Z02corWQ7/mqXiXeeTdHvkP6TeFSYfGYdCFp1WrjSNZ3j6y8Y3T/7osGEe0iOcU2g1d346l99m4Lg==",
      "dependencies": {
        "weak-map": "~1.0.x"
      }
    },
    "node_modules/weak-map": {
      "version": "1.0.8",
      "resolved": "https://registry.npmjs.org/weak-map/-/weak-map-1.0.8.tgz",
      "integrity": "sha512-lNR9aAefbGPpHO7AEnY0hCFjz1eTkWCXYvkTRrTHs9qv8zJp+SkVYpzfLIFXQQiG3tVvbNFQgVg2bQS8YGgxyw=="
    }
  },
  "dependencies": {
    "@tsconfig/node16": {
      "version": "1.0.4",
      "resolved": "https://registry.npmjs.org/@tsconfig/node16/-/node16-1.0.4.tgz",
      "integrity": "sha512-vxhUy4J8lyeyinH7Azl1pdd43GJhZH/tP2weN8TntQblOY+A0XbT8DJk1/oCPuOOyg/Ja757rG0CgHcWC8OfMA==",
      "dev": true
    },
    "@types/collections": {
      "version": "5.1.2",
      "resolved": "https://registry.npmjs.org/@types/collections/-/collections-5.1.2.tgz",
      "integrity": "sha512-d//S1BKZl/ikhsMXk0TECEUZOu+AIbVtMnYBpUAeZUvyfktX7bhc6DokZ8YFy56XGqXvKQmGLT0aYou/Jnhalw=="
    },
    "collections": {
      "version": "5.1.13",
      "resolved": "https://registry.npmjs.org/collections/-/collections-5.1.13.tgz",
      "integrity": "sha512-SCb6Qd+d3Z02corWQ7/mqXiXeeTdHvkP6TeFSYfGYdCFp1WrjSNZ3j6y8Y3T/7osGEe0iOcU2g1d346l99m4Lg==",
      "requires": {
        "weak-map": "~1.0.x"
      }
    },
    "weak-map": {
      "version": "1.0.8",
      "resolved": "https://registry.npmjs.org/weak-map/-/weak-map-1.0.8.tgz",
      "integrity": "sha512-lNR9aAefbGPpHO7AEnY0hCFjz1eTkWCXYvkTRrTHs9qv8zJp+SkVYpzfLIFXQQiG3tVvbNFQgVg2bQS8YGgxyw=="
    }
  }
}
